
Microsoft Visual Studio Solution File, Format Version 12.00
# Visual Studio 14
VisualStudioVersion = 14.0.23107.0
MinimumVisualStudioVersion = 10.0.40219.1
Project("{2150E333-8FDC-42A3-9474-1A3956D46DE8}") = "FabHueLous", "FabHueLous", "{4EE71629-3F92-4888-8FFF-18528E50446B}"
EndProject
Project("{D954291E-2A0B-460D-934E-DC6B0785DB48}") = "FabHueLous.Shared", "FabHueLous\FabHueLous.Shared\FabHueLous.Shared.shproj", "{EC3ABD33-7E73-4731-AD00-B92514C40B67}"
EndProject
Project("{FAE04EC0-301F-11D3-BF4B-00C04F79EFBC}") = "FabHueLous.Windows", "FabHueLous\FabHueLous.Windows\FabHueLous.Windows.csproj", "{8F8D55F3-ACBB-4743-A522-1AEB2936D7F7}"
EndProject
Project("{FAE04EC0-301F-11D3-BF4B-00C04F79EFBC}") = "FabHueLous.WindowsPhone", "FabHueLous\FabHueLous.WindowsPhone\FabHueLous.WindowsPhone.csproj", "{79637030-A751-41B3-8D58-3FA82B618E38}"
EndProject
Global
	GlobalSection(SharedMSBuildProjectFiles) = preSolution
		FabHueLous\FabHueLous.Shared\FabHueLous.Shared.projitems*{79637030-a751-41b3-8d58-3fa82b618e38}*SharedItemsImports = 4
		FabHueLous\FabHueLous.Shared\FabHueLous.Shared.projitems*{ec3abd33-7e73-4731-ad00-b92514c40b67}*SharedItemsImports = 13
		FabHueLous\FabHueLous.Shared\FabHueLous.Shared.projitems*{8f8d55f3-acbb-4743-a522-1aeb2936d7f7}*SharedItemsImports = 4
	EndGlobalSection
	GlobalSection(SolutionConfigurationPlatforms) = preSolution
		Debug|Any CPU = Debug|Any CPU
		Debug|ARM = Debug|ARM
		Debug|x64 = Debug|x64
		Debug|x86 = Debug|x86
		Release|Any CPU = Release|Any CPU
		Release|ARM = Release|ARM
		Release|x64 = Release|x64
		Release|x86 = Release|x86
	EndGlobalSection
	GlobalSection(ProjectConfigurationPlatforms) = postSolution
		{8F8D55F3-ACBB-4743-A522-1AEB2936D7F7}.Debug|Any CPU.ActiveCfg = Debug|Any CPU
		{8F8D55F3-ACBB-4743-A522-1AEB2936D7F7}.Debug|Any CPU.Build.0 = Debug|Any CPU
		{8F8D55F3-ACBB-4743-A522-1AEB2936D7F7}.Debug|Any CPU.Deploy.0 = Debug|Any CPU
		{8F8D55F3-ACBB-4743-A522-1AEB2936D7F7}.Debug|ARM.ActiveCfg = Debug|ARM
		{8F8D55F3-ACBB-4743-A522-1AEB2936D7F7}.Debug|ARM.Build.0 = Debug|ARM
		{8F8D55F3-ACBB-4743-A522-1AEB2936D7F7}.Debug|ARM.Deploy.0 = Debug|ARM
		{8F8D55F3-ACBB-4743-A522-1AEB2936D7F7}.Debug|x64.ActiveCfg = Debug|x64
		{8F8D55F3-ACBB-4743-A522-1AEB2936D7F7}.Debug|x64.Build.0 = Debug|x64
		{8F8D55F3-ACBB-4743-A522-1AEB2936D7F7}.Debug|x64.Deploy.0 = Debug|x64
		{8F8D55F3-ACBB-4743-A522-1AEB2936D7F7}.Debug|x86.ActiveCfg = Debug|x86
		{8F8D55F3-ACBB-4743-A522-1AEB2936D7F7}.Debug|x86.Build.0 = Debug|x86
		{8F8D55F3-ACBB-4743-A522-1AEB2936D7F7}.Debug|x86.Deploy.0 = Debug|x86
		{8F8D55F3-ACBB-4743-A522-1AEB2936D7F7}.Release|Any CPU.ActiveCfg = Release|Any CPU
		{8F8D55F3-ACBB-4743-A522-1AEB2936D7F7}.Release|Any CPU.Build.0 = Release|Any CPU
		{8F8D55F3-ACBB-4743-A522-1AEB2936D7F7}.Release|Any CPU.Deploy.0 = Release|Any CPU
		{8F8D55F3-ACBB-4743-A522-1AEB2936D7F7}.Release|ARM.ActiveCfg = Release|ARM
		{8F8D55F3-ACBB-4743-A522-1AEB2936D7F7}.Release|ARM.Build.0 = Release|ARM
		{8F8D55F3-ACBB-4743-A522-1AEB2936D7F7}.Release|ARM.Deploy.0 = Release|ARM
		{8F8D55F3-ACBB-4743-A522-1AEB2936D7F7}.Release|x64.ActiveCfg = Release|x64
		{8F8D55F3-ACBB-4743-A522-1AEB2936D7F7}.Release|x64.Build.0 = Release|x64
		{8F8D55F3-ACBB-4743-A522-1AEB2936D7F7}.Release|x64.Deploy.0 = Release|x64
		{8F8D55F3-ACBB-4743-A522-1AEB2936D7F7}.Release|x86.ActiveCfg = Release|x86
		{8F8D55F3-ACBB-4743-A522-1AEB2936D7F7}.Release|x86.Build.0 = Release|x86
		{8F8D55F3-ACBB-4743-A522-1AEB2936D7F7}.Release|x86.Deploy.0 = Release|x86
		{79637030-A751-41B3-8D58-3FA82B618E38}.Debug|Any CPU.ActiveCfg = Debug|Any CPU
		{79637030-A751-41B3-8D58-3FA82B618E38}.Debug|Any CPU.Build.0 = Debug|Any CPU
		{79637030-A751-41B3-8D58-3FA82B618E38}.Debug|Any CPU.Deploy.0 = Debug|Any CPU
		{79637030-A751-41B3-8D58-3FA82B618E38}.Debug|ARM.ActiveCfg = Debug|ARM
		{79637030-A751-41B3-8D58-3FA82B618E38}.Debug|ARM.Build.0 = Debug|ARM
		{79637030-A751-41B3-8D58-3FA82B618E38}.Debug|ARM.Deploy.0 = Debug|ARM
		{79637030-A751-41B3-8D58-3FA82B618E38}.Debug|x64.ActiveCfg = Debug|Any CPU
		{79637030-A751-41B3-8D58-3FA82B618E38}.Debug|x64.Build.0 = Debug|Any CPU
		{79637030-A751-41B3-8D58-3FA82B618E38}.Debug|x64.Deploy.0 = Debug|Any CPU
		{79637030-A751-41B3-8D58-3FA82B618E38}.Debug|x86.ActiveCfg = Debug|x86
		{79637030-A751-41B3-8D58-3FA82B618E38}.Debug|x86.Build.0 = Debug|x86
		{79637030-A751-41B3-8D58-3FA82B618E38}.Debug|x86.Deploy.0 = Debug|x86
		{79637030-A751-41B3-8D58-3FA82B618E38}.Release|Any CPU.ActiveCfg = Release|Any CPU
		{79637030-A751-41B3-8D58-3FA82B618E38}.Release|Any CPU.Build.0 = Release|Any CPU
		{79637030-A751-41B3-8D58-3FA82B618E38}.Release|Any CPU.Deploy.0 = Release|Any CPU
		{79637030-A751-41B3-8D58-3FA82B618E38}.Release|ARM.ActiveCfg = Release|ARM
		{79637030-A751-41B3-8D58-3FA82B618E38}.Release|ARM.Build.0 = Release|ARM
		{79637030-A751-41B3-8D58-3FA82B618E38}.Release|ARM.Deploy.0 = Release|ARM
		{79637030-A751-41B3-8D58-3FA82B618E38}.Release|x64.ActiveCfg = Release|Any CPU
		{79637030-A751-41B3-8D58-3FA82B618E38}.Release|x64.Build.0 = Release|Any CPU
		{79637030-A751-41B3-8D58-3FA82B618E38}.Release|x64.Deploy.0 = Release|Any CPU
		{79637030-A751-41B3-8D58-3FA82B618E38}.Release|x86.ActiveCfg = Release|x86
		{79637030-A751-41B3-8D58-3FA82B618E38}.Release|x86.Build.0 = Release|x86
		{79637030-A751-41B3-8D58-3FA82B618E38}.Release|x86.Deploy.0 = Release|x86
	EndGlobalSection
	GlobalSection(SolutionProperties) = preSolution
		HideSolutionNode = FALSE
	EndGlobalSection
	GlobalSection(NestedProjects) = preSolution
		{EC3ABD33-7E73-4731-AD00-B92514C40B67} = {4EE71629-3F92-4888-8FFF-18528E50446B}
		{8F8D55F3-ACBB-4743-A522-1AEB2936D7F7} = {4EE71629-3F92-4888-8FFF-18528E50446B}
		{79637030-A751-41B3-8D58-3FA82B618E38} = {4EE71629-3F92-4888-8FFF-18528E50446B}
	EndGlobalSection
EndGlobal
